
Microsoft Visual Studio Solution File, Format Version 12.00
# Visual Studio Version 17
VisualStudioVersion = 17.3.32825.248
MinimumVisualStudioVersion = 10.0.40219.1
Project("{FAE04EC0-301F-11D3-BF4B-00C04F79EFBC}") = "Taryfy2023", "Taryfy2023\Taryfy2023.csproj", "{8FF584BA-B383-4032-BC23-0DB70C57E282}"
EndProject
Global
	GlobalSection(SolutionConfigurationPlatforms) = preSolution
		Debug|Any CPU = Debug|Any CPU
		Release|Any CPU = Release|Any CPU
	EndGlobalSection
	GlobalSection(ProjectConfigurationPlatforms) = postSolution
		{8FF584BA-B383-4032-BC23-0DB70C57E282}.Debug|Any CPU.ActiveCfg = Debug|Any CPU
		{8FF584BA-B383-4032-BC23-0DB70C57E282}.Debug|Any CPU.Build.0 = Debug|Any CPU
		{8FF584BA-B383-4032-BC23-0DB70C57E282}.Release|Any CPU.ActiveCfg = Release|Any CPU
		{8FF584BA-B383-4032-BC23-0DB70C57E282}.Release|Any CPU.Build.0 = Release|Any CPU
	EndGlobalSection
	GlobalSection(SolutionProperties) = preSolution
		HideSolutionNode = FALSE
	EndGlobalSection
	GlobalSection(ExtensibilityGlobals) = postSolution
		SolutionGuid = {265C9E59-A95E-423A-B3AF-644A40B2EC07}
	EndGlobalSection
EndGlobal
